
Microsoft Visual Studio Solution File, Format Version 12.00
# Visual Studio Version 16
VisualStudioVersion = 16.0.31624.102
MinimumVisualStudioVersion = 10.0.40219.1
Project("{FAE04EC0-301F-11D3-BF4B-00C04F79EFBC}") = "Fibonacci", "Fibonacci.csproj", "{E219FF59-462F-4339-9A5C-69F30E0E165E}"
EndProject
Project("{FAE04EC0-301F-11D3-BF4B-00C04F79EFBC}") = "FibonacciTests", "..\FibonacciTests\FibonacciTests.csproj", "{DD46A15C-5256-4C52-864C-F5D2CA33E3BC}"
EndProject
Global
	GlobalSection(SolutionConfigurationPlatforms) = preSolution
		Debug|Any CPU = Debug|Any CPU
		Release|Any CPU = Release|Any CPU
	EndGlobalSection
	GlobalSection(ProjectConfigurationPlatforms) = postSolution
		{E219FF59-462F-4339-9A5C-69F30E0E165E}.Debug|Any CPU.ActiveCfg = Debug|Any CPU
		{E219FF59-462F-4339-9A5C-69F30E0E165E}.Debug|Any CPU.Build.0 = Debug|Any CPU
		{E219FF59-462F-4339-9A5C-69F30E0E165E}.Release|Any CPU.ActiveCfg = Release|Any CPU
		{E219FF59-462F-4339-9A5C-69F30E0E165E}.Release|Any CPU.Build.0 = Release|Any CPU
		{DD46A15C-5256-4C52-864C-F5D2CA33E3BC}.Debug|Any CPU.ActiveCfg = Debug|Any CPU
		{DD46A15C-5256-4C52-864C-F5D2CA33E3BC}.Debug|Any CPU.Build.0 = Debug|Any CPU
		{DD46A15C-5256-4C52-864C-F5D2CA33E3BC}.Release|Any CPU.ActiveCfg = Release|Any CPU
		{DD46A15C-5256-4C52-864C-F5D2CA33E3BC}.Release|Any CPU.Build.0 = Release|Any CPU
	EndGlobalSection
	GlobalSection(SolutionProperties) = preSolution
		HideSolutionNode = FALSE
	EndGlobalSection
	GlobalSection(ExtensibilityGlobals) = postSolution
		SolutionGuid = {25F7A93A-6561-463D-82A9-28F5310E2B9E}
	EndGlobalSection
EndGlobal
